
Microsoft Visual Studio Solution File, Format Version 12.00
# Visual Studio 15
VisualStudioVersion = 15.0.28307.271
MinimumVisualStudioVersion = 10.0.40219.1
Project("{2150E333-8FDC-42A3-9474-1A3956D46DE8}") = "Docs", "Docs", "{076A4909-5AC5-440F-B161-7B37FD28DD53}"
	ProjectSection(SolutionItems) = preProject
		ReadMe.md = ReadMe.md
	EndProjectSection
EndProject
Project("{2150E333-8FDC-42A3-9474-1A3956D46DE8}") = "Src", "Src", "{87B71A6D-83E7-4955-95C2-0891489C175D}"
EndProject
Project("{2150E333-8FDC-42A3-9474-1A3956D46DE8}") = "Tests", "Tests", "{42A7194B-7201-42B0-9FF2-97A0EF87C0CF}"
EndProject
Project("{2150E333-8FDC-42A3-9474-1A3956D46DE8}") = "Common", "Common", "{659E3519-298F-4EF8-96BF-366DDA105F90}"
EndProject
Project("{2150E333-8FDC-42A3-9474-1A3956D46DE8}") = "Core", "Core", "{D7FD257E-7304-4C8D-96A4-80C4E7C29F2E}"
EndProject
Project("{2150E333-8FDC-42A3-9474-1A3956D46DE8}") = "Infrastructure", "Infrastructure", "{869FA778-68D5-4F75-AC27-51D368E33306}"
EndProject
Project("{2150E333-8FDC-42A3-9474-1A3956D46DE8}") = "Presentation", "Presentation", "{4AC22109-874E-4F5E-90F3-7E04371B9860}"
EndProject
Project("{FAE04EC0-301F-11D3-BF4B-00C04F79EFBC}") = "RpMan.Common", "RpMan.Common\RpMan.Common.csproj", "{245CCD97-6FCA-4FFD-AA3D-D5D7A376A5B9}"
EndProject
Project("{FAE04EC0-301F-11D3-BF4B-00C04F79EFBC}") = "RpMan.Application", "RpMan.Application\RpMan.Application.csproj", "{6E1E8FF9-CC70-42D9-84C5-24A7DC52ED12}"
EndProject
Project("{FAE04EC0-301F-11D3-BF4B-00C04F79EFBC}") = "RpMan.Domain", "RpMan.Domain\RpMan.Domain.csproj", "{DB476736-E1E5-4BCB-A4F2-81CF15E5E0A9}"
EndProject
Project("{FAE04EC0-301F-11D3-BF4B-00C04F79EFBC}") = "RpMan.Infrastructure", "RpMan.Infrastructure\RpMan.Infrastructure.csproj", "{4500D151-C8BA-48BC-A72E-2B18FD66F4F8}"
EndProject
Project("{FAE04EC0-301F-11D3-BF4B-00C04F79EFBC}") = "RpMan.Persistence", "RpMan.Persistence\RpMan.Persistence.csproj", "{1CE3DC86-F689-4883-B60B-1CFB7B500321}"
EndProject
Project("{FAE04EC0-301F-11D3-BF4B-00C04F79EFBC}") = "RpMan.WebApi", "RpMan.WebApi\RpMan.WebApi.csproj", "{FB2DDFC2-8C9C-417C-A06E-E9423390D0BF}"
EndProject
Global
	GlobalSection(SolutionConfigurationPlatforms) = preSolution
		Debug|Any CPU = Debug|Any CPU
		Release|Any CPU = Release|Any CPU
	EndGlobalSection
	GlobalSection(ProjectConfigurationPlatforms) = postSolution
		{245CCD97-6FCA-4FFD-AA3D-D5D7A376A5B9}.Debug|Any CPU.ActiveCfg = Debug|Any CPU
		{245CCD97-6FCA-4FFD-AA3D-D5D7A376A5B9}.Debug|Any CPU.Build.0 = Debug|Any CPU
		{245CCD97-6FCA-4FFD-AA3D-D5D7A376A5B9}.Release|Any CPU.ActiveCfg = Release|Any CPU
		{245CCD97-6FCA-4FFD-AA3D-D5D7A376A5B9}.Release|Any CPU.Build.0 = Release|Any CPU
		{6E1E8FF9-CC70-42D9-84C5-24A7DC52ED12}.Debug|Any CPU.ActiveCfg = Debug|Any CPU
		{6E1E8FF9-CC70-42D9-84C5-24A7DC52ED12}.Debug|Any CPU.Build.0 = Debug|Any CPU
		{6E1E8FF9-CC70-42D9-84C5-24A7DC52ED12}.Release|Any CPU.ActiveCfg = Release|Any CPU
		{6E1E8FF9-CC70-42D9-84C5-24A7DC52ED12}.Release|Any CPU.Build.0 = Release|Any CPU
		{DB476736-E1E5-4BCB-A4F2-81CF15E5E0A9}.Debug|Any CPU.ActiveCfg = Debug|Any CPU
		{DB476736-E1E5-4BCB-A4F2-81CF15E5E0A9}.Debug|Any CPU.Build.0 = Debug|Any CPU
		{DB476736-E1E5-4BCB-A4F2-81CF15E5E0A9}.Release|Any CPU.ActiveCfg = Release|Any CPU
		{DB476736-E1E5-4BCB-A4F2-81CF15E5E0A9}.Release|Any CPU.Build.0 = Release|Any CPU
		{4500D151-C8BA-48BC-A72E-2B18FD66F4F8}.Debug|Any CPU.ActiveCfg = Debug|Any CPU
		{4500D151-C8BA-48BC-A72E-2B18FD66F4F8}.Debug|Any CPU.Build.0 = Debug|Any CPU
		{4500D151-C8BA-48BC-A72E-2B18FD66F4F8}.Release|Any CPU.ActiveCfg = Release|Any CPU
		{4500D151-C8BA-48BC-A72E-2B18FD66F4F8}.Release|Any CPU.Build.0 = Release|Any CPU
		{1CE3DC86-F689-4883-B60B-1CFB7B500321}.Debug|Any CPU.ActiveCfg = Debug|Any CPU
		{1CE3DC86-F689-4883-B60B-1CFB7B500321}.Debug|Any CPU.Build.0 = Debug|Any CPU
		{1CE3DC86-F689-4883-B60B-1CFB7B500321}.Release|Any CPU.ActiveCfg = Release|Any CPU
		{1CE3DC86-F689-4883-B60B-1CFB7B500321}.Release|Any CPU.Build.0 = Release|Any CPU
		{FB2DDFC2-8C9C-417C-A06E-E9423390D0BF}.Debug|Any CPU.ActiveCfg = Debug|Any CPU
		{FB2DDFC2-8C9C-417C-A06E-E9423390D0BF}.Debug|Any CPU.Build.0 = Debug|Any CPU
		{FB2DDFC2-8C9C-417C-A06E-E9423390D0BF}.Release|Any CPU.ActiveCfg = Release|Any CPU
		{FB2DDFC2-8C9C-417C-A06E-E9423390D0BF}.Release|Any CPU.Build.0 = Release|Any CPU
	EndGlobalSection
	GlobalSection(SolutionProperties) = preSolution
		HideSolutionNode = FALSE
	EndGlobalSection
	GlobalSection(NestedProjects) = preSolution
		{659E3519-298F-4EF8-96BF-366DDA105F90} = {87B71A6D-83E7-4955-95C2-0891489C175D}
		{D7FD257E-7304-4C8D-96A4-80C4E7C29F2E} = {87B71A6D-83E7-4955-95C2-0891489C175D}
		{869FA778-68D5-4F75-AC27-51D368E33306} = {87B71A6D-83E7-4955-95C2-0891489C175D}
		{4AC22109-874E-4F5E-90F3-7E04371B9860} = {87B71A6D-83E7-4955-95C2-0891489C175D}
		{245CCD97-6FCA-4FFD-AA3D-D5D7A376A5B9} = {659E3519-298F-4EF8-96BF-366DDA105F90}
		{6E1E8FF9-CC70-42D9-84C5-24A7DC52ED12} = {D7FD257E-7304-4C8D-96A4-80C4E7C29F2E}
		{DB476736-E1E5-4BCB-A4F2-81CF15E5E0A9} = {D7FD257E-7304-4C8D-96A4-80C4E7C29F2E}
		{4500D151-C8BA-48BC-A72E-2B18FD66F4F8} = {869FA778-68D5-4F75-AC27-51D368E33306}
		{1CE3DC86-F689-4883-B60B-1CFB7B500321} = {869FA778-68D5-4F75-AC27-51D368E33306}
		{FB2DDFC2-8C9C-417C-A06E-E9423390D0BF} = {4AC22109-874E-4F5E-90F3-7E04371B9860}
	EndGlobalSection
	GlobalSection(ExtensibilityGlobals) = postSolution
		SolutionGuid = {CEEB9A44-6C5B-412A-AE6A-F310655634D9}
	EndGlobalSection
EndGlobal
